
Microsoft Visual Studio Solution File, Format Version 12.00
# Visual Studio 15
VisualStudioVersion = 15.0.26430.12
MinimumVisualStudioVersion = 10.0.40219.1
Project("{FAE04EC0-301F-11D3-BF4B-00C04F79EFBC}") = "2013201694-CON", "2013201694-CON\2013201694-CON.csproj", "{F68CE2C7-47E2-41B0-B273-7FC747BFC9F3}"
EndProject
Project("{FAE04EC0-301F-11D3-BF4B-00C04F79EFBC}") = "2013201694-ENT", "2013201694-ENT\2013201694-ENT.csproj", "{90563452-BFE5-479B-96AB-28166AD2AB64}"
EndProject
Project("{FAE04EC0-301F-11D3-BF4B-00C04F79EFBC}") = "2013201694-PER", "2013201694-PER\2013201694-PER.csproj", "{2B190291-8F73-4DB9-BB55-27F0D9F12A5E}"
EndProject
Project("{FAE04EC0-301F-11D3-BF4B-00C04F79EFBC}") = "2013201694-MVC", "2013201694-MVC\2013201694-MVC.csproj", "{001019B7-377A-4BEE-8212-77C4B994414A}"
EndProject
Project("{FAE04EC0-301F-11D3-BF4B-00C04F79EFBC}") = "2013201694-API", "2013201694-API\2013201694-API.csproj", "{C20F73C7-112F-4D5E-8902-876EBF44C174}"
EndProject
Global
	GlobalSection(SolutionConfigurationPlatforms) = preSolution
		Debug|Any CPU = Debug|Any CPU
		Release|Any CPU = Release|Any CPU
	EndGlobalSection
	GlobalSection(ProjectConfigurationPlatforms) = postSolution
		{F68CE2C7-47E2-41B0-B273-7FC747BFC9F3}.Debug|Any CPU.ActiveCfg = Debug|Any CPU
		{F68CE2C7-47E2-41B0-B273-7FC747BFC9F3}.Debug|Any CPU.Build.0 = Debug|Any CPU
		{F68CE2C7-47E2-41B0-B273-7FC747BFC9F3}.Release|Any CPU.ActiveCfg = Release|Any CPU
		{F68CE2C7-47E2-41B0-B273-7FC747BFC9F3}.Release|Any CPU.Build.0 = Release|Any CPU
		{90563452-BFE5-479B-96AB-28166AD2AB64}.Debug|Any CPU.ActiveCfg = Debug|Any CPU
		{90563452-BFE5-479B-96AB-28166AD2AB64}.Debug|Any CPU.Build.0 = Debug|Any CPU
		{90563452-BFE5-479B-96AB-28166AD2AB64}.Release|Any CPU.ActiveCfg = Release|Any CPU
		{90563452-BFE5-479B-96AB-28166AD2AB64}.Release|Any CPU.Build.0 = Release|Any CPU
		{2B190291-8F73-4DB9-BB55-27F0D9F12A5E}.Debug|Any CPU.ActiveCfg = Debug|Any CPU
		{2B190291-8F73-4DB9-BB55-27F0D9F12A5E}.Debug|Any CPU.Build.0 = Debug|Any CPU
		{2B190291-8F73-4DB9-BB55-27F0D9F12A5E}.Release|Any CPU.ActiveCfg = Release|Any CPU
		{2B190291-8F73-4DB9-BB55-27F0D9F12A5E}.Release|Any CPU.Build.0 = Release|Any CPU
		{001019B7-377A-4BEE-8212-77C4B994414A}.Debug|Any CPU.ActiveCfg = Debug|Any CPU
		{001019B7-377A-4BEE-8212-77C4B994414A}.Debug|Any CPU.Build.0 = Debug|Any CPU
		{001019B7-377A-4BEE-8212-77C4B994414A}.Release|Any CPU.ActiveCfg = Release|Any CPU
		{001019B7-377A-4BEE-8212-77C4B994414A}.Release|Any CPU.Build.0 = Release|Any CPU
		{C20F73C7-112F-4D5E-8902-876EBF44C174}.Debug|Any CPU.ActiveCfg = Debug|Any CPU
		{C20F73C7-112F-4D5E-8902-876EBF44C174}.Debug|Any CPU.Build.0 = Debug|Any CPU
		{C20F73C7-112F-4D5E-8902-876EBF44C174}.Release|Any CPU.ActiveCfg = Release|Any CPU
		{C20F73C7-112F-4D5E-8902-876EBF44C174}.Release|Any CPU.Build.0 = Release|Any CPU
	EndGlobalSection
	GlobalSection(SolutionProperties) = preSolution
		HideSolutionNode = FALSE
	EndGlobalSection
EndGlobal
